// !$*UTF8*$!
{
	archiveVersion = 1;
	classes = {
	};
	objectVersion = 46;
	objects = {

/* Begin PBXBuildFile section */
		4D116C081AAF984100C07E45 /* CoreDataStackManager.swift in Sources */ = {isa = PBXBuildFile; fileRef = 4D116C071AAF984100C07E45 /* CoreDataStackManager.swift */; };
		4D52082B1A7DACDA0060A4B0 /* FavoriteActorViewController.swift in Sources */ = {isa = PBXBuildFile; fileRef = 4D52082A1A7DACDA0060A4B0 /* FavoriteActorViewController.swift */; };
		4D52082D1A7DB5610060A4B0 /* MovieListViewController.swift in Sources */ = {isa = PBXBuildFile; fileRef = 4D52082C1A7DB5610060A4B0 /* MovieListViewController.swift */; };
		4D52082F1A7DC53C0060A4B0 /* ImageCache.swift in Sources */ = {isa = PBXBuildFile; fileRef = 4D52082E1A7DC53C0060A4B0 /* ImageCache.swift */; };
		4D91218A1A7DDAB1007A236F /* TaskCancelingTableViewCell.swift in Sources */ = {isa = PBXBuildFile; fileRef = 4D9121891A7DDAB1007A236F /* TaskCancelingTableViewCell.swift */; };
		4D91218C1A8033C0007A236F /* ActorTableViewCell.swift in Sources */ = {isa = PBXBuildFile; fileRef = 4D91218B1A8033C0007A236F /* ActorTableViewCell.swift */; };
		4DBBE6CF1A7D726900347323 /* AppDelegate.swift in Sources */ = {isa = PBXBuildFile; fileRef = 4DBBE6CE1A7D726900347323 /* AppDelegate.swift */; };
		4DBBE6D41A7D726900347323 /* Main.storyboard in Resources */ = {isa = PBXBuildFile; fileRef = 4DBBE6D21A7D726900347323 /* Main.storyboard */; };
		4DBBE6D61A7D726900347323 /* Images.xcassets in Resources */ = {isa = PBXBuildFile; fileRef = 4DBBE6D51A7D726900347323 /* Images.xcassets */; };
		4DBBE6D91A7D726900347323 /* LaunchScreen.xib in Resources */ = {isa = PBXBuildFile; fileRef = 4DBBE6D71A7D726900347323 /* LaunchScreen.xib */; };
		4DBBE6E51A7D726900347323 /* FavoriteActorsTests.swift in Sources */ = {isa = PBXBuildFile; fileRef = 4DBBE6E41A7D726900347323 /* FavoriteActorsTests.swift */; };
		4DBBE6F51A7D72C100347323 /* Movie.swift in Sources */ = {isa = PBXBuildFile; fileRef = 4DBBE6F01A7D72C100347323 /* Movie.swift */; };
		4DBBE6F61A7D72C100347323 /* Person.swift in Sources */ = {isa = PBXBuildFile; fileRef = 4DBBE6F11A7D72C100347323 /* Person.swift */; };
		4DBBE6F71A7D72C100347323 /* TheMovieDB-Constants.swift in Sources */ = {isa = PBXBuildFile; fileRef = 4DBBE6F21A7D72C100347323 /* TheMovieDB-Constants.swift */; };
		4DBBE6F91A7D72C100347323 /* TheMovieDB.swift in Sources */ = {isa = PBXBuildFile; fileRef = 4DBBE6F41A7D72C100347323 /* TheMovieDB.swift */; };
		4DBBE6FB1A7D72EF00347323 /* ActorPickerViewController.swift in Sources */ = {isa = PBXBuildFile; fileRef = 4DBBE6FA1A7D72EF00347323 /* ActorPickerViewController.swift */; };
		4DBBE6FD1A7D742B00347323 /* Config.swift in Sources */ = {isa = PBXBuildFile; fileRef = 4DBBE6FC1A7D742B00347323 /* Config.swift */; };
		4DBD2D141A9CE03100CEDAF7 /* Model.xcdatamodeld in Sources */ = {isa = PBXBuildFile; fileRef = 4DBD2D121A9CE03100CEDAF7 /* Model.xcdatamodeld */; };
/* End PBXBuildFile section */

/* Begin PBXContainerItemProxy section */
		4DBBE6DF1A7D726900347323 /* PBXContainerItemProxy */ = {
			isa = PBXContainerItemProxy;
			containerPortal = 4DBBE6C11A7D726900347323 /* Project object */;
			proxyType = 1;
			remoteGlobalIDString = 4DBBE6C81A7D726900347323;
			remoteInfo = FavoriteActors;
		};
/* End PBXContainerItemProxy section */

/* Begin PBXFileReference section */
		4D116C071AAF984100C07E45 /* CoreDataStackManager.swift */ = {isa = PBXFileReference; fileEncoding = 4; lastKnownFileType = sourcecode.swift; path = CoreDataStackManager.swift; sourceTree = "<group>"; };
		4D52082A1A7DACDA0060A4B0 /* FavoriteActorViewController.swift */ = {isa = PBXFileReference; fileEncoding = 4; lastKnownFileType = sourcecode.swift; path = FavoriteActorViewController.swift; sourceTree = "<group>"; };
		4D52082C1A7DB5610060A4B0 /* MovieListViewController.swift */ = {isa = PBXFileReference; fileEncoding = 4; lastKnownFileType = sourcecode.swift; path = MovieListViewController.swift; sourceTree = "<group>"; };
		4D52082E1A7DC53C0060A4B0 /* ImageCache.swift */ = {isa = PBXFileReference; fileEncoding = 4; lastKnownFileType = sourcecode.swift; path = ImageCache.swift; sourceTree = "<group>"; };
		4D9121891A7DDAB1007A236F /* TaskCancelingTableViewCell.swift */ = {isa = PBXFileReference; fileEncoding = 4; lastKnownFileType = sourcecode.swift; path = TaskCancelingTableViewCell.swift; sourceTree = "<group>"; };
		4D91218B1A8033C0007A236F /* ActorTableViewCell.swift */ = {isa = PBXFileReference; fileEncoding = 4; lastKnownFileType = sourcecode.swift; path = ActorTableViewCell.swift; sourceTree = "<group>"; };
		4DBBE6C91A7D726900347323 /* FavoriteActors.app */ = {isa = PBXFileReference; explicitFileType = wrapper.application; includeInIndex = 0; path = FavoriteActors.app; sourceTree = BUILT_PRODUCTS_DIR; };
		4DBBE6CD1A7D726900347323 /* Info.plist */ = {isa = PBXFileReference; lastKnownFileType = text.plist.xml; path = Info.plist; sourceTree = "<group>"; };
		4DBBE6CE1A7D726900347323 /* AppDelegate.swift */ = {isa = PBXFileReference; lastKnownFileType = sourcecode.swift; path = AppDelegate.swift; sourceTree = "<group>"; };
		4DBBE6D31A7D726900347323 /* Base */ = {isa = PBXFileReference; lastKnownFileType = file.storyboard; name = Base; path = Base.lproj/Main.storyboard; sourceTree = "<group>"; };
		4DBBE6D51A7D726900347323 /* Images.xcassets */ = {isa = PBXFileReference; lastKnownFileType = folder.assetcatalog; path = Images.xcassets; sourceTree = "<group>"; };
		4DBBE6D81A7D726900347323 /* Base */ = {isa = PBXFileReference; lastKnownFileType = file.xib; name = Base; path = Base.lproj/LaunchScreen.xib; sourceTree = "<group>"; };
		4DBBE6DE1A7D726900347323 /* FavoriteActorsTests.xctest */ = {isa = PBXFileReference; explicitFileType = wrapper.cfbundle; includeInIndex = 0; path = FavoriteActorsTests.xctest; sourceTree = BUILT_PRODUCTS_DIR; };
		4DBBE6E31A7D726900347323 /* Info.plist */ = {isa = PBXFileReference; lastKnownFileType = text.plist.xml; path = Info.plist; sourceTree = "<group>"; };
		4DBBE6E41A7D726900347323 /* FavoriteActorsTests.swift */ = {isa = PBXFileReference; lastKnownFileType = sourcecode.swift; path = FavoriteActorsTests.swift; sourceTree = "<group>"; };
		4DBBE6F01A7D72C100347323 /* Movie.swift */ = {isa = PBXFileReference; fileEncoding = 4; lastKnownFileType = sourcecode.swift; path = Movie.swift; sourceTree = "<group>"; };
		4DBBE6F11A7D72C100347323 /* Person.swift */ = {isa = PBXFileReference; fileEncoding = 4; lastKnownFileType = sourcecode.swift; path = Person.swift; sourceTree = "<group>"; };
		4DBBE6F21A7D72C100347323 /* TheMovieDB-Constants.swift */ = {isa = PBXFileReference; fileEncoding = 4; lastKnownFileType = sourcecode.swift; path = "TheMovieDB-Constants.swift"; sourceTree = "<group>"; };
		4DBBE6F41A7D72C100347323 /* TheMovieDB.swift */ = {isa = PBXFileReference; fileEncoding = 4; lastKnownFileType = sourcecode.swift; path = TheMovieDB.swift; sourceTree = "<group>"; };
		4DBBE6FA1A7D72EF00347323 /* ActorPickerViewController.swift */ = {isa = PBXFileReference; fileEncoding = 4; lastKnownFileType = sourcecode.swift; path = ActorPickerViewController.swift; sourceTree = "<group>"; };
		4DBBE6FC1A7D742B00347323 /* Config.swift */ = {isa = PBXFileReference; fileEncoding = 4; lastKnownFileType = sourcecode.swift; name = Config.swift; path = ../Config.swift; sourceTree = "<group>"; };
		4DBD2D131A9CE03100CEDAF7 /* Model.xcdatamodel */ = {isa = PBXFileReference; lastKnownFileType = wrapper.xcdatamodel; path = Model.xcdatamodel; sourceTree = "<group>"; };
/* End PBXFileReference section */

/* Begin PBXFrameworksBuildPhase section */
		4DBBE6C61A7D726900347323 /* Frameworks */ = {
			isa = PBXFrameworksBuildPhase;
			buildActionMask = 2147483647;
			files = (
			);
			runOnlyForDeploymentPostprocessing = 0;
		};
		4DBBE6DB1A7D726900347323 /* Frameworks */ = {
			isa = PBXFrameworksBuildPhase;
			buildActionMask = 2147483647;
			files = (
			);
			runOnlyForDeploymentPostprocessing = 0;
		};
/* End PBXFrameworksBuildPhase section */

/* Begin PBXGroup section */
		4DBBE6C01A7D726900347323 = {
			isa = PBXGroup;
			children = (
				4DBBE6CB1A7D726900347323 /* FavoriteActors */,
				4DBBE6E11A7D726900347323 /* FavoriteActorsTests */,
				4DBBE6CA1A7D726900347323 /* Products */,
			);
			sourceTree = "<group>";
		};
		4DBBE6CA1A7D726900347323 /* Products */ = {
			isa = PBXGroup;
			children = (
				4DBBE6C91A7D726900347323 /* FavoriteActors.app */,
				4DBBE6DE1A7D726900347323 /* FavoriteActorsTests.xctest */,
			);
			name = Products;
			sourceTree = "<group>";
		};
		4DBBE6CB1A7D726900347323 /* FavoriteActors */ = {
			isa = PBXGroup;
			children = (
				4D52082A1A7DACDA0060A4B0 /* FavoriteActorViewController.swift */,
				4D52082C1A7DB5610060A4B0 /* MovieListViewController.swift */,
				4DBBE6FA1A7D72EF00347323 /* ActorPickerViewController.swift */,
				4D116C071AAF984100C07E45 /* CoreDataStackManager.swift */,
				4DBD2D121A9CE03100CEDAF7 /* Model.xcdatamodeld */,
				4D9121891A7DDAB1007A236F /* TaskCancelingTableViewCell.swift */,
				4D91218B1A8033C0007A236F /* ActorTableViewCell.swift */,
				4DBBE6EF1A7D72C100347323 /* TheMovieDB */,
				4DBBE6CE1A7D726900347323 /* AppDelegate.swift */,
				4DBBE6D21A7D726900347323 /* Main.storyboard */,
				4DBBE6D51A7D726900347323 /* Images.xcassets */,
				4DBBE6D71A7D726900347323 /* LaunchScreen.xib */,
				4DBBE6CC1A7D726900347323 /* Supporting Files */,
			);
			path = FavoriteActors;
			sourceTree = "<group>";
		};
		4DBBE6CC1A7D726900347323 /* Supporting Files */ = {
			isa = PBXGroup;
			children = (
				4DBBE6CD1A7D726900347323 /* Info.plist */,
			);
			name = "Supporting Files";
			sourceTree = "<group>";
		};
		4DBBE6E11A7D726900347323 /* FavoriteActorsTests */ = {
			isa = PBXGroup;
			children = (
				4DBBE6E41A7D726900347323 /* FavoriteActorsTests.swift */,
				4DBBE6E21A7D726900347323 /* Supporting Files */,
			);
			path = FavoriteActorsTests;
			sourceTree = "<group>";
		};
		4DBBE6E21A7D726900347323 /* Supporting Files */ = {
			isa = PBXGroup;
			children = (
				4DBBE6E31A7D726900347323 /* Info.plist */,
			);
			name = "Supporting Files";
			sourceTree = "<group>";
		};
		4DBBE6EF1A7D72C100347323 /* TheMovieDB */ = {
			isa = PBXGroup;
			children = (
				4DBBE6F01A7D72C100347323 /* Movie.swift */,
				4DBBE6F11A7D72C100347323 /* Person.swift */,
				4DBBE6FC1A7D742B00347323 /* Config.swift */,
				4DBBE6F21A7D72C100347323 /* TheMovieDB-Constants.swift */,
				4DBBE6F41A7D72C100347323 /* TheMovieDB.swift */,
				4D52082E1A7DC53C0060A4B0 /* ImageCache.swift */,
			);
			path = TheMovieDB;
			sourceTree = "<group>";
		};
/* End PBXGroup section */

/* Begin PBXNativeTarget section */
		4DBBE6C81A7D726900347323 /* FavoriteActors */ = {
			isa = PBXNativeTarget;
			buildConfigurationList = 4DBBE6E81A7D726900347323 /* Build configuration list for PBXNativeTarget "FavoriteActors" */;
			buildPhases = (
				4DBBE6C51A7D726900347323 /* Sources */,
				4DBBE6C61A7D726900347323 /* Frameworks */,
				4DBBE6C71A7D726900347323 /* Resources */,
			);
			buildRules = (
			);
			dependencies = (
			);
			name = FavoriteActors;
			productName = FavoriteActors;
			productReference = 4DBBE6C91A7D726900347323 /* FavoriteActors.app */;
			productType = "com.apple.product-type.application";
		};
		4DBBE6DD1A7D726900347323 /* FavoriteActorsTests */ = {
			isa = PBXNativeTarget;
			buildConfigurationList = 4DBBE6EB1A7D726900347323 /* Build configuration list for PBXNativeTarget "FavoriteActorsTests" */;
			buildPhases = (
				4DBBE6DA1A7D726900347323 /* Sources */,
				4DBBE6DB1A7D726900347323 /* Frameworks */,
				4DBBE6DC1A7D726900347323 /* Resources */,
			);
			buildRules = (
			);
			dependencies = (
				4DBBE6E01A7D726900347323 /* PBXTargetDependency */,
			);
			name = FavoriteActorsTests;
			productName = FavoriteActorsTests;
			productReference = 4DBBE6DE1A7D726900347323 /* FavoriteActorsTests.xctest */;
			productType = "com.apple.product-type.bundle.unit-test";
		};
/* End PBXNativeTarget section */

/* Begin PBXProject section */
		4DBBE6C11A7D726900347323 /* Project object */ = {
			isa = PBXProject;
			attributes = {
				LastSwiftUpdateCheck = 0700;
				LastUpgradeCheck = 0700;
				ORGANIZATIONNAME = Udacity;
				TargetAttributes = {
					4DBBE6C81A7D726900347323 = {
						CreatedOnToolsVersion = 6.1.1;
						DevelopmentTeam = 5JZAUP3338;
					};
					4DBBE6DD1A7D726900347323 = {
						CreatedOnToolsVersion = 6.1.1;
						TestTargetID = 4DBBE6C81A7D726900347323;
					};
				};
			};
			buildConfigurationList = 4DBBE6C41A7D726900347323 /* Build configuration list for PBXProject "FavoriteActors" */;
			compatibilityVersion = "Xcode 3.2";
			developmentRegion = English;
			hasScannedForEncodings = 0;
			knownRegions = (
				en,
				Base,
			);
			mainGroup = 4DBBE6C01A7D726900347323;
			productRefGroup = 4DBBE6CA1A7D726900347323 /* Products */;
			projectDirPath = "";
			projectRoot = "";
			targets = (
				4DBBE6C81A7D726900347323 /* FavoriteActors */,
				4DBBE6DD1A7D726900347323 /* FavoriteActorsTests */,
			);
		};
/* End PBXProject section */

/* Begin PBXResourcesBuildPhase section */
		4DBBE6C71A7D726900347323 /* Resources */ = {
			isa = PBXResourcesBuildPhase;
			buildActionMask = 2147483647;
			files = (
				4DBBE6D41A7D726900347323 /* Main.storyboard in Resources */,
				4DBBE6D91A7D726900347323 /* LaunchScreen.xib in Resources */,
				4DBBE6D61A7D726900347323 /* Images.xcassets in Resources */,
			);
			runOnlyForDeploymentPostprocessing = 0;
		};
		4DBBE6DC1A7D726900347323 /* Resources */ = {
			isa = PBXResourcesBuildPhase;
			buildActionMask = 2147483647;
			files = (
			);
			runOnlyForDeploymentPostprocessing = 0;
		};
/* End PBXResourcesBuildPhase section */

/* Begin PBXSourcesBuildPhase section */
		4DBBE6C51A7D726900347323 /* Sources */ = {
			isa = PBXSourcesBuildPhase;
			buildActionMask = 2147483647;
			files = (
				4DBBE6FB1A7D72EF00347323 /* ActorPickerViewController.swift in Sources */,
				4D52082D1A7DB5610060A4B0 /* MovieListViewController.swift in Sources */,
				4D91218C1A8033C0007A236F /* ActorTableViewCell.swift in Sources */,
				4D116C081AAF984100C07E45 /* CoreDataStackManager.swift in Sources */,
				4DBBE6FD1A7D742B00347323 /* Config.swift in Sources */,
				4DBBE6CF1A7D726900347323 /* AppDelegate.swift in Sources */,
				4DBBE6F71A7D72C100347323 /* TheMovieDB-Constants.swift in Sources */,
				4D52082B1A7DACDA0060A4B0 /* FavoriteActorViewController.swift in Sources */,
				4DBBE6F91A7D72C100347323 /* TheMovieDB.swift in Sources */,
				4DBBE6F61A7D72C100347323 /* Person.swift in Sources */,
				4D52082F1A7DC53C0060A4B0 /* ImageCache.swift in Sources */,
				4D91218A1A7DDAB1007A236F /* TaskCancelingTableViewCell.swift in Sources */,
				4DBD2D141A9CE03100CEDAF7 /* Model.xcdatamodeld in Sources */,
				4DBBE6F51A7D72C100347323 /* Movie.swift in Sources */,
			);
			runOnlyForDeploymentPostprocessing = 0;
		};
		4DBBE6DA1A7D726900347323 /* Sources */ = {
			isa = PBXSourcesBuildPhase;
			buildActionMask = 2147483647;
			files = (
				4DBBE6E51A7D726900347323 /* FavoriteActorsTests.swift in Sources */,
			);
			runOnlyForDeploymentPostprocessing = 0;
		};
/* End PBXSourcesBuildPhase section */

/* Begin PBXTargetDependency section */
		4DBBE6E01A7D726900347323 /* PBXTargetDependency */ = {
			isa = PBXTargetDependency;
			target = 4DBBE6C81A7D726900347323 /* FavoriteActors */;
			targetProxy = 4DBBE6DF1A7D726900347323 /* PBXContainerItemProxy */;
		};
/* End PBXTargetDependency section */

/* Begin PBXVariantGroup section */
		4DBBE6D21A7D726900347323 /* Main.storyboard */ = {
			isa = PBXVariantGroup;
			children = (
				4DBBE6D31A7D726900347323 /* Base */,
			);
			name = Main.storyboard;
			sourceTree = "<group>";
		};
		4DBBE6D71A7D726900347323 /* LaunchScreen.xib */ = {
			isa = PBXVariantGroup;
			children = (
				4DBBE6D81A7D726900347323 /* Base */,
			);
			name = LaunchScreen.xib;
			sourceTree = "<group>";
		};
/* End PBXVariantGroup section */

/* Begin XCBuildConfiguration section */
		4DBBE6E61A7D726900347323 /* Debug */ = {
			isa = XCBuildConfiguration;
			buildSettings = {
				ALWAYS_SEARCH_USER_PATHS = NO;
				CLANG_CXX_LANGUAGE_STANDARD = "gnu++0x";
				CLANG_CXX_LIBRARY = "libc++";
				CLANG_ENABLE_MODULES = YES;
				CLANG_ENABLE_OBJC_ARC = YES;
				CLANG_WARN_BOOL_CONVERSION = YES;
				CLANG_WARN_CONSTANT_CONVERSION = YES;
				CLANG_WARN_DIRECT_OBJC_ISA_USAGE = YES_ERROR;
				CLANG_WARN_EMPTY_BODY = YES;
				CLANG_WARN_ENUM_CONVERSION = YES;
				CLANG_WARN_INT_CONVERSION = YES;
				CLANG_WARN_OBJC_ROOT_CLASS = YES_ERROR;
				CLANG_WARN_UNREACHABLE_CODE = YES;
				CLANG_WARN__DUPLICATE_METHOD_MATCH = YES;
				"CODE_SIGN_IDENTITY[sdk=iphoneos*]" = "iPhone Developer";
				COPY_PHASE_STRIP = NO;
				ENABLE_STRICT_OBJC_MSGSEND = YES;
				ENABLE_TESTABILITY = YES;
				GCC_C_LANGUAGE_STANDARD = gnu99;
				GCC_DYNAMIC_NO_PIC = NO;
				GCC_OPTIMIZATION_LEVEL = 0;
				GCC_PREPROCESSOR_DEFINITIONS = (
					"DEBUG=1",
					"$(inherited)",
				);
				GCC_SYMBOLS_PRIVATE_EXTERN = NO;
				GCC_WARN_64_TO_32_BIT_CONVERSION = YES;
				GCC_WARN_ABOUT_RETURN_TYPE = YES_ERROR;
				GCC_WARN_UNDECLARED_SELECTOR = YES;
				GCC_WARN_UNINITIALIZED_AUTOS = YES_AGGRESSIVE;
				GCC_WARN_UNUSED_FUNCTION = YES;
				GCC_WARN_UNUSED_VARIABLE = YES;
				IPHONEOS_DEPLOYMENT_TARGET = 8.1;
				MTL_ENABLE_DEBUG_INFO = YES;
				ONLY_ACTIVE_ARCH = YES;
				SDKROOT = iphoneos;
				SWIFT_OPTIMIZATION_LEVEL = "-Onone";
			};
			name = Debug;
		};
		4DBBE6E71A7D726900347323 /* Release */ = {
			isa = XCBuildConfiguration;
			buildSettings = {
				ALWAYS_SEARCH_USER_PATHS = NO;
				CLANG_CXX_LANGUAGE_STANDARD = "gnu++0x";
				CLANG_CXX_LIBRARY = "libc++";
				CLANG_ENABLE_MODULES = YES;
				CLANG_ENABLE_OBJC_ARC = YES;
				CLANG_WARN_BOOL_CONVERSION = YES;
				CLANG_WARN_CONSTANT_CONVERSION = YES;
				CLANG_WARN_DIRECT_OBJC_ISA_USAGE = YES_ERROR;
				CLANG_WARN_EMPTY_BODY = YES;
				CLANG_WARN_ENUM_CONVERSION = YES;
				CLANG_WARN_INT_CONVERSION = YES;
				CLANG_WARN_OBJC_ROOT_CLASS = YES_ERROR;
				CLANG_WARN_UNREACHABLE_CODE = YES;
				CLANG_WARN__DUPLICATE_METHOD_MATCH = YES;
				"CODE_SIGN_IDENTITY[sdk=iphoneos*]" = "iPhone Developer";
				COPY_PHASE_STRIP = YES;
				ENABLE_NS_ASSERTIONS = NO;
				ENABLE_STRICT_OBJC_MSGSEND = YES;
				GCC_C_LANGUAGE_STANDARD = gnu99;
				GCC_WARN_64_TO_32_BIT_CONVERSION = YES;
				GCC_WARN_ABOUT_RETURN_TYPE = YES_ERROR;
				GCC_WARN_UNDECLARED_SELECTOR = YES;
				GCC_WARN_UNINITIALIZED_AUTOS = YES_AGGRESSIVE;
				GCC_WARN_UNUSED_FUNCTION = YES;
				GCC_WARN_UNUSED_VARIABLE = YES;
				IPHONEOS_DEPLOYMENT_TARGET = 8.1;
				MTL_ENABLE_DEBUG_INFO = NO;
				SDKROOT = iphoneos;
				VALIDATE_PRODUCT = YES;
			};
			name = Release;
		};
		4DBBE6E91A7D726900347323 /* Debug */ = {
			isa = XCBuildConfiguration;
			buildSettings = {
				ASSETCATALOG_COMPILER_APPICON_NAME = AppIcon;
				CODE_SIGN_IDENTITY = "iPhone Developer";
				INFOPLIST_FILE = FavoriteActors/Info.plist;
				LD_RUNPATH_SEARCH_PATHS = "$(inherited) @executable_path/Frameworks";
				PRODUCT_BUNDLE_IDENTIFIER = blues.FavoriteActors;
				PRODUCT_NAME = "$(TARGET_NAME)";
			};
			name = Debug;
		};
		4DBBE6EA1A7D726900347323 /* Release */ = {
			isa = XCBuildConfiguration;
			buildSettings = {
				ASSETCATALOG_COMPILER_APPICON_NAME = AppIcon;
				CODE_SIGN_IDENTITY = "iPhone Developer";
				INFOPLIST_FILE = FavoriteActors/Info.plist;
				LD_RUNPATH_SEARCH_PATHS = "$(inherited) @executable_path/Frameworks";
				PRODUCT_BUNDLE_IDENTIFIER = blues.FavoriteActors;
				PRODUCT_NAME = "$(TARGET_NAME)";
			};
			name = Release;
		};
		4DBBE6EC1A7D726900347323 /* Debug */ = {
			isa = XCBuildConfiguration;
			buildSettings = {
				BUNDLE_LOADER = "$(TEST_HOST)";
				FRAMEWORK_SEARCH_PATHS = (
					"$(SDKROOT)/Developer/Library/Frameworks",
					"$(inherited)",
				);
				GCC_PREPROCESSOR_DEFINITIONS = (
					"DEBUG=1",
					"$(inherited)",
				);
				INFOPLIST_FILE = FavoriteActorsTests/Info.plist;
				LD_RUNPATH_SEARCH_PATHS = "$(inherited) @executable_path/Frameworks @loader_path/Frameworks";
				PRODUCT_BUNDLE_IDENTIFIER = "Udacity.$(PRODUCT_NAME:rfc1034identifier)";
				PRODUCT_NAME = "$(TARGET_NAME)";
				TEST_HOST = "$(BUILT_PRODUCTS_DIR)/FavoriteActors.app/FavoriteActors";
			};
			name = Debug;
		};
		4DBBE6ED1A7D726900347323 /* Release */ = {
			isa = XCBuildConfiguration;
			buildSettings = {
				BUNDLE_LOADER = "$(TEST_HOST)";
				FRAMEWORK_SEARCH_PATHS = (
					"$(SDKROOT)/Developer/Library/Frameworks",
					"$(inherited)",
				);
				INFOPLIST_FILE = FavoriteActorsTests/Info.plist;
				LD_RUNPATH_SEARCH_PATHS = "$(inherited) @executable_path/Frameworks @loader_path/Frameworks";
				PRODUCT_BUNDLE_IDENTIFIER = "Udacity.$(PRODUCT_NAME:rfc1034identifier)";
				PRODUCT_NAME = "$(TARGET_NAME)";
				TEST_HOST = "$(BUILT_PRODUCTS_DIR)/FavoriteActors.app/FavoriteActors";
			};
			name = Release;
		};
/* End XCBuildConfiguration section */

/* Begin XCConfigurationList section */
		4DBBE6C41A7D726900347323 /* Build configuration list for PBXProject "FavoriteActors" */ = {
			isa = XCConfigurationList;
			buildConfigurations = (
				4DBBE6E61A7D726900347323 /* Debug */,
				4DBBE6E71A7D726900347323 /* Release */,
			);
			defaultConfigurationIsVisible = 0;
			defaultConfigurationName = Release;
		};
		4DBBE6E81A7D726900347323 /* Build configuration list for PBXNativeTarget "FavoriteActors" */ = {
			isa = XCConfigurationList;
			buildConfigurations = (
				4DBBE6E91A7D726900347323 /* Debug */,
				4DBBE6EA1A7D726900347323 /* Release */,
			);
			defaultConfigurationIsVisible = 0;
			defaultConfigurationName = Release;
		};
		4DBBE6EB1A7D726900347323 /* Build configuration list for PBXNativeTarget "FavoriteActorsTests" */ = {
			isa = XCConfigurationList;
			buildConfigurations = (
				4DBBE6EC1A7D726900347323 /* Debug */,
				4DBBE6ED1A7D726900347323 /* Release */,
			);
			defaultConfigurationIsVisible = 0;
			defaultConfigurationName = Release;
		};
/* End XCConfigurationList section */

/* Begin XCVersionGroup section */
		4DBD2D121A9CE03100CEDAF7 /* Model.xcdatamodeld */ = {
			isa = XCVersionGroup;
			children = (
				4DBD2D131A9CE03100CEDAF7 /* Model.xcdatamodel */,
			);
			currentVersion = 4DBD2D131A9CE03100CEDAF7 /* Model.xcdatamodel */;
			path = Model.xcdatamodeld;
			sourceTree = "<group>";
			versionGroupType = wrapper.xcdatamodel;
		};
/* End XCVersionGroup section */
	};
	rootObject = 4DBBE6C11A7D726900347323 /* Project object */;
}
